
Microsoft Visual Studio Solution File, Format Version 12.00
# Visual Studio 15
VisualStudioVersion = 15.0.27703.2035
MinimumVisualStudioVersion = 10.0.40219.1
Project("{FAE04EC0-301F-11D3-BF4B-00C04F79EFBC}") = "DAL", "DAL\DAL.csproj", "{2B5C08B1-9CDF-4596-97B6-DB62A691FB79}"
EndProject
Project("{FAE04EC0-301F-11D3-BF4B-00C04F79EFBC}") = "Entities", "Entities\Entities.csproj", "{99608B99-8ADC-4199-BAE2-34580B82A947}"
EndProject
Project("{FAE04EC0-301F-11D3-BF4B-00C04F79EFBC}") = "BLL", "BLL\BLL.csproj", "{F5A1487C-5229-42C1-92F3-8737ACFC49D3}"
EndProject
Project("{FAE04EC0-301F-11D3-BF4B-00C04F79EFBC}") = "WebRegistroCasillas", "WebRegistroCasillas\WebRegistroCasillas.csproj", "{70D0BA46-6EA2-4263-9F5A-FE60D86D0C88}"
EndProject
Project("{FAE04EC0-301F-11D3-BF4B-00C04F79EFBC}") = "Repository", "Repository\Repository.csproj", "{AD9AB6DD-2E23-4553-B82C-59D76E383F0B}"
EndProject
Global
	GlobalSection(SolutionConfigurationPlatforms) = preSolution
		Debug|Any CPU = Debug|Any CPU
		Release|Any CPU = Release|Any CPU
	EndGlobalSection
	GlobalSection(ProjectConfigurationPlatforms) = postSolution
		{2B5C08B1-9CDF-4596-97B6-DB62A691FB79}.Debug|Any CPU.ActiveCfg = Debug|Any CPU
		{2B5C08B1-9CDF-4596-97B6-DB62A691FB79}.Debug|Any CPU.Build.0 = Debug|Any CPU
		{2B5C08B1-9CDF-4596-97B6-DB62A691FB79}.Release|Any CPU.ActiveCfg = Release|Any CPU
		{2B5C08B1-9CDF-4596-97B6-DB62A691FB79}.Release|Any CPU.Build.0 = Release|Any CPU
		{99608B99-8ADC-4199-BAE2-34580B82A947}.Debug|Any CPU.ActiveCfg = Debug|Any CPU
		{99608B99-8ADC-4199-BAE2-34580B82A947}.Debug|Any CPU.Build.0 = Debug|Any CPU
		{99608B99-8ADC-4199-BAE2-34580B82A947}.Release|Any CPU.ActiveCfg = Release|Any CPU
		{99608B99-8ADC-4199-BAE2-34580B82A947}.Release|Any CPU.Build.0 = Release|Any CPU
		{F5A1487C-5229-42C1-92F3-8737ACFC49D3}.Debug|Any CPU.ActiveCfg = Debug|Any CPU
		{F5A1487C-5229-42C1-92F3-8737ACFC49D3}.Debug|Any CPU.Build.0 = Debug|Any CPU
		{F5A1487C-5229-42C1-92F3-8737ACFC49D3}.Release|Any CPU.ActiveCfg = Release|Any CPU
		{F5A1487C-5229-42C1-92F3-8737ACFC49D3}.Release|Any CPU.Build.0 = Release|Any CPU
		{70D0BA46-6EA2-4263-9F5A-FE60D86D0C88}.Debug|Any CPU.ActiveCfg = Debug|Any CPU
		{70D0BA46-6EA2-4263-9F5A-FE60D86D0C88}.Debug|Any CPU.Build.0 = Debug|Any CPU
		{70D0BA46-6EA2-4263-9F5A-FE60D86D0C88}.Release|Any CPU.ActiveCfg = Release|Any CPU
		{70D0BA46-6EA2-4263-9F5A-FE60D86D0C88}.Release|Any CPU.Build.0 = Release|Any CPU
		{AD9AB6DD-2E23-4553-B82C-59D76E383F0B}.Debug|Any CPU.ActiveCfg = Debug|Any CPU
		{AD9AB6DD-2E23-4553-B82C-59D76E383F0B}.Debug|Any CPU.Build.0 = Debug|Any CPU
		{AD9AB6DD-2E23-4553-B82C-59D76E383F0B}.Release|Any CPU.ActiveCfg = Release|Any CPU
		{AD9AB6DD-2E23-4553-B82C-59D76E383F0B}.Release|Any CPU.Build.0 = Release|Any CPU
	EndGlobalSection
	GlobalSection(SolutionProperties) = preSolution
		HideSolutionNode = FALSE
	EndGlobalSection
	GlobalSection(ExtensibilityGlobals) = postSolution
		SolutionGuid = {A8204D33-57DE-4478-9746-8F93670E0E8E}
	EndGlobalSection
EndGlobal
